
Microsoft Visual Studio Solution File, Format Version 12.00
# Visual Studio Version 16
VisualStudioVersion = 16.0.30114.105
MinimumVisualStudioVersion = 10.0.40219.1
Project("{FAE04EC0-301F-11D3-BF4B-00C04F79EFBC}") = "TesteXP", "TesteXP\TesteXP.csproj", "{4EEF1208-0F24-4379-BC5F-E3153E54D2FE}"
EndProject
Global
	GlobalSection(SolutionConfigurationPlatforms) = preSolution
		Debug|Any CPU = Debug|Any CPU
		Release|Any CPU = Release|Any CPU
	EndGlobalSection
	GlobalSection(ProjectConfigurationPlatforms) = postSolution
		{4EEF1208-0F24-4379-BC5F-E3153E54D2FE}.Debug|Any CPU.ActiveCfg = Debug|Any CPU
		{4EEF1208-0F24-4379-BC5F-E3153E54D2FE}.Debug|Any CPU.Build.0 = Debug|Any CPU
		{4EEF1208-0F24-4379-BC5F-E3153E54D2FE}.Release|Any CPU.ActiveCfg = Release|Any CPU
		{4EEF1208-0F24-4379-BC5F-E3153E54D2FE}.Release|Any CPU.Build.0 = Release|Any CPU
	EndGlobalSection
	GlobalSection(SolutionProperties) = preSolution
		HideSolutionNode = FALSE
	EndGlobalSection
	GlobalSection(ExtensibilityGlobals) = postSolution
		SolutionGuid = {7D04AF72-F0AC-4136-8F02-AD5B9238D582}
	EndGlobalSection
EndGlobal
